{
  "originHash" : "502eb10d73a6b926313b03e2f5ee600740279bf167d417dbf65e8f7471592af8",
  "pins" : [
    {
      "identity" : "yandexmapsmobile",
      "kind" : "remoteSourceControl",
      "location" : "https://github.com/c-villain/YandexMapsMobile",
      "state" : {
        "revision" : "095e4f297fda3e2b1be7d71a13cfaea72d8c411c",
        "version" : "4.15.0"
      }
    }
  ],
  "version" : 3
}
