{
  "originHash" : "7c458e99b469fd168509f21dd7f90f1f515bd2fb53c7b0e6e90e298513c7c07f",
  "pins" : [
    {
      "identity" : "snapkit",
      "kind" : "remoteSourceControl",
      "location" : "https://github.com/SnapKit/SnapKit",
      "state" : {
        "revision" : "2842e6e84e82eb9a8dac0100ca90d9444b0307f4",
        "version" : "5.7.1"
      }
    },
    {
      "identity" : "yandexmapsmobile",
      "kind" : "remoteSourceControl",
      "location" : "https://github.com/c-villain/YandexMapsMobile",
      "state" : {
        "revision" : "d5d2c4b92c519fa3d220eeaa057b0d27b3dbb149",
        "version" : "4.3.1"
      }
    }
  ],
  "version" : 3
}
